{
    "_meta": {
        "hash": {
            "sha256": "9ef5814d402be7e16dd0c6150c6757611768ebab9c9f3cce0c7c683290edb06d"
        },
        "pipfile-spec": 6,
        "requires": {
            "python_version": "3.14.5"
        },
        "sources": [
            {
                "name": "pypi",
                "url": "https://pypi.org/simple",
                "verify_ssl": true
            }
        ]
    },
    "default": {
        "blackboxprotobuf": {
            "hashes": [
                "sha256:233b714e6c24ce9d1c20b871462a220af9177e4fec01c1b797ac5ab86a1e1cea"
            ],
            "index": "pypi",
            "version": "==1.0.1"
        },
        "certifi": {
            "hashes": [
                "sha256:2227dcbaafe0d2f59279d1762ddddc37783ed4354594f194ffc31d20f41fc3db"
            ],
            "markers": "python_version >= '3.14'",
            "version": "==2026.6.17"
        },
        "charset-normalizer": {
            "hashes": [
                "sha256:673611bbd43f0810bec0b0f028ddeaaa501190339cac411f347ac76917c3ae7b"
            ],
            "markers": "python_version >= '3.14'",
            "version": "==3.4.9"
        },
        "idna": {
            "hashes": [
                "sha256:7f952cbe720b688055e3f87de14f5c3e5fdaa8bc3928985c4077ca689de849a2"
            ],
            "markers": "python_version >= '3.14'",
            "version": "==3.18"
        },
        "mintotp": {
            "hashes": [
                "sha256:d0f4db5edb38a7481120176a526e8c29539b9e80581dd2dcc1811557d77cfad5"
            ],
            "index": "pypi",
            "version": "==0.3.0"
        },
        "protobuf": {
            "hashes": [
                "sha256:ce115a26fe0c39a2c29973d914d327e516a6455464489fe3cd1e51a1b354f81a"
            ],
            "version": "==7.35.1"
        },
        "pycryptodomex": {
            "hashes": [
                "sha256:71909758f010c82bc99b0abf4ea12012c98962fbf0583c2164f8b84533c2e4da"
            ],
            "index": "pypi",
            "version": "==3.23.0"
        },
        "requests": {
            "hashes": [
                "sha256:f288924cae4e29463698d6d60bc6a4da69c89185ad1e0bcc4104f584e960b9ed"
            ],
            "index": "pypi",
            "version": "==2.34.2"
        },
        "setuptools": {
            "hashes": [
                "sha256:025bccbbf0fa05b6192bc64ae1e7b16e001fd6d6d4d5de03c97b1c1ade523bef"
            ],
            "markers": "python_version >= '3.14'",
            "version": "==83.0.0"
        },
        "six": {
            "hashes": [
                "sha256:ff70335d468e7eb6ec65b95b99d3a2836546063f63acc5171de367e834932a81"
            ],
            "markers": "python_version >= '2.7' and python_version not in '3.0, 3.1, 3.2, 3.3'",
            "version": "==1.17.0"
        },
        "urllib3": {
            "hashes": [
                "sha256:231e0ec3b63ceb14667c67be60f2f2c40a518cb38b03af60abc813da26505f4c"
            ],
            "markers": "python_version >= '2.7' and python_version not in '3.0, 3.1, 3.2, 3.3, 3.4, 3.5' and python_version < '4'",
            "version": "==2.7.0"
        },
        "wyze-sdk": {
            "path": ".",
            "version": "==2.2.2"
        }
    },
    "develop": {
        "alabaster": {
            "hashes": [
                "sha256:c00dca57bca26fa62a6d7d0a9fcce65f3e026e9bfe33e9c538fd3fbb2144fd9e"
            ],
            "version": "==1.0.0"
        },
        "babel": {
            "hashes": [
                "sha256:b80b99a14bd085fcacfa15c9165f651fbb3406e66cc603abf11c5750937c992d"
            ],
            "markers": "python_version >= '3.14'",
            "version": "==2.18.0"
        },
        "certifi": {
            "hashes": [
                "sha256:024c88eeec92ca068db80f02b8b07c9cef7b9fe261d1d535abfd5abd6f6af432"
            ],
            "markers": "python_version >= '3.14'",
            "version": "==2026.6.17"
        },
        "charset-normalizer": {
            "hashes": [
                "sha256:673611bbd43f0810bec0b0f028ddeaaa501190339cac411f347ac76917c3ae7b"
            ],
            "markers": "python_version >= '3.14'",
            "version": "==3.4.9"
        },
        "docutils": {
            "hashes": [
                "sha256:746f5060322511280a1e50eb76846ed6bf2342984b2ac04dc42caa1a8d78799e"
            ],
            "markers": "python_version >= '3.14'",
            "version": "==0.23"
        },
        "flake8": {
            "hashes": [
                "sha256:fe044858146b9fc69b551a4b490d69cf960fcb78ad1edcb84e7fbb1b4a8e3872"
            ],
            "index": "pypi",
            "version": "==7.3.0"
        },
        "idna": {
            "hashes": [
                "sha256:ffb385a7e039654cef1ab9ef32c6fafe283c0c0467bba1d9029738ce4a14a848"
            ],
            "markers": "python_version >= '3.14'",
            "version": "==3.18"
        },
        "imagesize": {
            "hashes": [
                "sha256:8e8358c4a05c304f1fccf7ff96f036e7243a189e9e42e90851993c558cfe9ee3"
            ],
            "markers": "python_version >= '2.7' and python_version not in '3.0, 3.1, 3.2, 3.3'",
            "version": "==2.0.0"
        },
        "importlib-metadata": {
            "hashes": [
                "sha256:a4f57ab599e6a2e3016d7595cfd72eb4661a5106e787a95bcc90c7105b831efc"
            ],
            "markers": "python_version >= '3.14'",
            "version": "==9.0.0"
        },
        "isort": {
            "hashes": [
                "sha256:171ac4ff559cdc060bcfff550bc8404a486fee0caab245679c2abe7cb253c78d"
            ],
            "index": "pypi",
            "version": "==8.0.1"
        },
        "jinja2": {
            "hashes": [
                "sha256:0137fb05990d35f1275a587e9aee6d56da821fc83491a0fb838183be43f66d6d"
            ],
            "markers": "python_version >= '3.14'",
            "version": "==3.1.6"
        },
        "markupsafe": {
            "hashes": [
                "sha256:722695808f4b6457b320fdc131280796bdceb04ab50fe1795cd540799ebe1698"
            ],
            "markers": "python_version >= '3.14'",
            "version": "==3.0.3"
        },
        "mccabe": {
            "hashes": [
                "sha256:348e0240c33b60bbdf4e523192ef919f28cb2c3d7d5c7794f74009290f236325"
            ],
            "markers": "python_version >= '3.14'",
            "version": "==0.7.0"
        },
        "packaging": {
            "hashes": [
                "sha256:ff452ff5a3e828ce110190feff1178bb1f2ea2281fa2075aadb987c2fb221661"
            ],
            "markers": "python_version >= '3.14'",
            "version": "==26.2"
        },
        "pycodestyle": {
            "hashes": [
                "sha256:c4b5b517d278089ff9d0abdec919cd97262a3367449ea1c8b49b91529167b783"
            ],
            "markers": "python_version >= '3.14'",
            "version": "==2.14.0"
        },
        "pyflakes": {
            "hashes": [
                "sha256:b24f96fafb7d2ab0ec5075b7350b3d2d2218eab42003821c06344973d3ea2f58"
            ],
            "markers": "python_version >= '3.14'",
            "version": "==3.4.0"
        },
        "pygments": {
            "hashes": [
                "sha256:6757cd03768053ff99f3039c1a36d6c0aa0b263438fcab17520b30a303a82b5f"
            ],
            "markers": "python_version >= '3.14'",
            "version": "==2.20.0"
        },
        "pyparsing": {
            "hashes": [
                "sha256:c777f4d763f140633dcb6d8a3eda953bf7a214dc4eff598413c070bcdc117cbc"
            ],
            "markers": "python_full_version >= '3.14'",
            "version": "==3.2.2"
        },
        "pytz": {
            "hashes": [
                "sha256:0e60b47b29f21574376f218fe21abc009894a2321ea16c6754f3cad6eb7cdd6a"
            ],
            "version": "==2026.2"
        },
        "requests": {
            "hashes": [
                "sha256:f288924cae4e29463698d6d60bc6a4da69c89185ad1e0bcc4104f584e960b9ed"
            ],
            "index": "pypi",
            "version": "==2.34.2"
        },
        "snowballstemmer": {
            "hashes": [
                "sha256:e07bbc54a0d798fe6010a12398422e62a8bfbba95c394fd0956ef58cb4d3e260"
            ],
            "version": "==3.1.1"
        },
        "sphinx": {
            "hashes": [
                "sha256:7741722357dd75f8190766926071fed3bdc211c74dd2d7d4df5404da95930ddb"
            ],
            "index": "pypi",
            "version": "==9.1.0"
        },
        "sphinxcontrib-applehelp": {
            "hashes": [
                "sha256:2f29ef331735ce958efa4734873f084941970894c6090408b079c61b2e1c06d1"
            ],
            "markers": "python_version >= '3.14'",
            "version": "==2.0.0"
        },
        "sphinxcontrib-devhelp": {
            "hashes": [
                "sha256:411f5d96d445d1d73bb5d52133377b4248ec79db5c793ce7dbe59e074b4dd1ad"
            ],
            "markers": "python_version >= '3.14'",
            "version": "==2.0.0"
        },
        "sphinxcontrib-htmlhelp": {
            "hashes": [
                "sha256:c9e2916ace8aad64cc13a0d233ee22317f2b9025b9cf3295249fa985cc7082e9"
            ],
            "markers": "python_version >= '3.14'",
            "version": "==2.1.0"
        },
        "sphinxcontrib-jsmath": {
            "hashes": [
                "sha256:a9925e4a4587247ed2191a22df5f6970656cb8ca2bd6284309578f2153e0c4b8"
            ],
            "markers": "python_version >= '3.14'",
            "version": "==1.0.1"
        },
        "sphinxcontrib-qthelp": {
            "hashes": [
                "sha256:4fe7d0ac8fc171045be623aba3e2a8f613f8682731f9153bb2e40ece16b9bbab"
            ],
            "markers": "python_version >= '3.14'",
            "version": "==2.0.0"
        },
        "sphinxcontrib-serializinghtml": {
            "hashes": [
                "sha256:e9d912827f872c029017a53f0ef2180b327c3f7fd23c87229f7a8e8b70031d4d"
            ],
            "markers": "python_version >= '3.14'",
            "version": "==2.0.0"
        },
        "urllib3": {
            "hashes": [
                "sha256:231e0ec3b63ceb14667c67be60f2f2c40a518cb38b03af60abc813da26505f4c"
            ],
            "markers": "python_version >= '2.7' and python_version not in '3.0, 3.1, 3.2, 3.3, 3.4, 3.5' and python_version < '4'",
            "version": "==2.7.0"
        },
        "zipp": {
            "hashes": [
                "sha256:4cb57381f544315db7688e976e922a2b18cdb513d21cc194eb42232ba2a3e602"
            ],
            "markers": "python_version >= '3.14'",
            "version": "==4.1.0"
        }
    }
}
